// !$*UTF8*$!
{
	archiveVersion = 1;
	classes = {
	};
	objectVersion = 46;
	objects = {

/* Begin PBXBuildFile section */
		8150A8941738DD1900745745 /* UIKit.framework in Frameworks */ = {isa = PBXBuildFile; fileRef = 8150A8931738DD1900745745 /* UIKit.framework */; };
		8150A8961738DD1900745745 /* Foundation.framework in Frameworks */ = {isa = PBXBuildFile; fileRef = 8150A8951738DD1900745745 /* Foundation.framework */; };
		8150A8981738DD1900745745 /* CoreGraphics.framework in Frameworks */ = {isa = PBXBuildFile; fileRef = 8150A8971738DD1900745745 /* CoreGraphics.framework */; };
		8150A89E1738DD1900745745 /* InfoPlist.strings in Resources */ = {isa = PBXBuildFile; fileRef = 8150A89C1738DD1900745745 /* InfoPlist.strings */; };
		8150A8A01738DD1900745745 /* main.m in Sources */ = {isa = PBXBuildFile; fileRef = 8150A89F1738DD1900745745 /* main.m */; };
		8150A8A41738DD1900745745 /* AppDelegate.m in Sources */ = {isa = PBXBuildFile; fileRef = 8150A8A31738DD1900745745 /* AppDelegate.m */; };
		8150A8A61738DD1900745745 /* Default.png in Resources */ = {isa = PBXBuildFile; fileRef = 8150A8A51738DD1900745745 /* Default.png */; };
		8150A8A81738DD1900745745 /* Default@2x.png in Resources */ = {isa = PBXBuildFile; fileRef = 8150A8A71738DD1900745745 /* Default@2x.png */; };
		8150A8AA1738DD1900745745 /* Default-568h@2x.png in Resources */ = {isa = PBXBuildFile; fileRef = 8150A8A91738DD1900745745 /* Default-568h@2x.png */; };
		8150A8AD1738DD1900745745 /* ViewController.m in Sources */ = {isa = PBXBuildFile; fileRef = 8150A8AC1738DD1900745745 /* ViewController.m */; };
		8150A8B01738DD1900745745 /* ViewController.xib in Resources */ = {isa = PBXBuildFile; fileRef = 8150A8AE1738DD1900745745 /* ViewController.xib */; };
/* End PBXBuildFile section */

/* Begin PBXFileReference section */
		8150A8901738DD1900745745 /* VideoUploadDownload.app */ = {isa = PBXFileReference; explicitFileType = wrapper.application; includeInIndex = 0; path = VideoUploadDownload.app; sourceTree = BUILT_PRODUCTS_DIR; };
		8150A8931738DD1900745745 /* UIKit.framework */ = {isa = PBXFileReference; lastKnownFileType = wrapper.framework; name = UIKit.framework; path = System/Library/Frameworks/UIKit.framework; sourceTree = SDKROOT; };
		8150A8951738DD1900745745 /* Foundation.framework */ = {isa = PBXFileReference; lastKnownFileType = wrapper.framework; name = Foundation.framework; path = System/Library/Frameworks/Foundation.framework; sourceTree = SDKROOT; };
		8150A8971738DD1900745745 /* CoreGraphics.framework */ = {isa = PBXFileReference; lastKnownFileType = wrapper.framework; name = CoreGraphics.framework; path = System/Library/Frameworks/CoreGraphics.framework; sourceTree = SDKROOT; };
		8150A89B1738DD1900745745 /* VideoUploadDownload-Info.plist */ = {isa = PBXFileReference; lastKnownFileType = text.plist.xml; path = "VideoUploadDownload-Info.plist"; sourceTree = "<group>"; };
		8150A89D1738DD1900745745 /* en */ = {isa = PBXFileReference; lastKnownFileType = text.plist.strings; name = en; path = en.lproj/InfoPlist.strings; sourceTree = "<group>"; };
		8150A89F1738DD1900745745 /* main.m */ = {isa = PBXFileReference; lastKnownFileType = sourcecode.c.objc; path = main.m; sourceTree = "<group>"; };
		8150A8A11738DD1900745745 /* VideoUploadDownload-Prefix.pch */ = {isa = PBXFileReference; lastKnownFileType = sourcecode.c.h; path = "VideoUploadDownload-Prefix.pch"; sourceTree = "<group>"; };
		8150A8A21738DD1900745745 /* AppDelegate.h */ = {isa = PBXFileReference; lastKnownFileType = sourcecode.c.h; path = AppDelegate.h; sourceTree = "<group>"; };
		8150A8A31738DD1900745745 /* AppDelegate.m */ = {isa = PBXFileReference; lastKnownFileType = sourcecode.c.objc; path = AppDelegate.m; sourceTree = "<group>"; };
		8150A8A51738DD1900745745 /* Default.png */ = {isa = PBXFileReference; lastKnownFileType = image.png; path = Default.png; sourceTree = "<group>"; };
		8150A8A71738DD1900745745 /* Default@2x.png */ = {isa = PBXFileReference; lastKnownFileType = image.png; path = "Default@2x.png"; sourceTree = "<group>"; };
		8150A8A91738DD1900745745 /* Default-568h@2x.png */ = {isa = PBXFileReference; lastKnownFileType = image.png; path = "Default-568h@2x.png"; sourceTree = "<group>"; };
		8150A8AB1738DD1900745745 /* ViewController.h */ = {isa = PBXFileReference; lastKnownFileType = sourcecode.c.h; path = ViewController.h; sourceTree = "<group>"; };
		8150A8AC1738DD1900745745 /* ViewController.m */ = {isa = PBXFileReference; lastKnownFileType = sourcecode.c.objc; path = ViewController.m; sourceTree = "<group>"; };
		8150A8AF1738DD1900745745 /* en */ = {isa = PBXFileReference; lastKnownFileType = file.xib; name = en; path = en.lproj/ViewController.xib; sourceTree = "<group>"; };
/* End PBXFileReference section */

/* Begin PBXFrameworksBuildPhase section */
		8150A88D1738DD1900745745 /* Frameworks */ = {
			isa = PBXFrameworksBuildPhase;
			buildActionMask = 2147483647;
			files = (
				8150A8941738DD1900745745 /* UIKit.framework in Frameworks */,
				8150A8961738DD1900745745 /* Foundation.framework in Frameworks */,
				8150A8981738DD1900745745 /* CoreGraphics.framework in Frameworks */,
			);
			runOnlyForDeploymentPostprocessing = 0;
		};
/* End PBXFrameworksBuildPhase section */

/* Begin PBXGroup section */
		8150A8871738DD1900745745 = {
			isa = PBXGroup;
			children = (
				8150A8991738DD1900745745 /* VideoUploadDownload */,
				8150A8921738DD1900745745 /* Frameworks */,
				8150A8911738DD1900745745 /* Products */,
			);
			sourceTree = "<group>";
		};
		8150A8911738DD1900745745 /* Products */ = {
			isa = PBXGroup;
			children = (
				8150A8901738DD1900745745 /* VideoUploadDownload.app */,
			);
			name = Products;
			sourceTree = "<group>";
		};
		8150A8921738DD1900745745 /* Frameworks */ = {
			isa = PBXGroup;
			children = (
				8150A8931738DD1900745745 /* UIKit.framework */,
				8150A8951738DD1900745745 /* Foundation.framework */,
				8150A8971738DD1900745745 /* CoreGraphics.framework */,
			);
			name = Frameworks;
			sourceTree = "<group>";
		};
		8150A8991738DD1900745745 /* VideoUploadDownload */ = {
			isa = PBXGroup;
			children = (
				8150A8A21738DD1900745745 /* AppDelegate.h */,
				8150A8A31738DD1900745745 /* AppDelegate.m */,
				8150A8AB1738DD1900745745 /* ViewController.h */,
				8150A8AC1738DD1900745745 /* ViewController.m */,
				8150A8AE1738DD1900745745 /* ViewController.xib */,
				8150A89A1738DD1900745745 /* Supporting Files */,
			);
			path = VideoUploadDownload;
			sourceTree = "<group>";
		};
		8150A89A1738DD1900745745 /* Supporting Files */ = {
			isa = PBXGroup;
			children = (
				8150A89B1738DD1900745745 /* VideoUploadDownload-Info.plist */,
				8150A89C1738DD1900745745 /* InfoPlist.strings */,
				8150A89F1738DD1900745745 /* main.m */,
				8150A8A11738DD1900745745 /* VideoUploadDownload-Prefix.pch */,
				8150A8A51738DD1900745745 /* Default.png */,
				8150A8A71738DD1900745745 /* Default@2x.png */,
				8150A8A91738DD1900745745 /* Default-568h@2x.png */,
			);
			name = "Supporting Files";
			sourceTree = "<group>";
		};
/* End PBXGroup section */

/* Begin PBXNativeTarget section */
		8150A88F1738DD1900745745 /* VideoUploadDownload */ = {
			isa = PBXNativeTarget;
			buildConfigurationList = 8150A8B31738DD1900745745 /* Build configuration list for PBXNativeTarget "VideoUploadDownload" */;
			buildPhases = (
				8150A88C1738DD1900745745 /* Sources */,
				8150A88D1738DD1900745745 /* Frameworks */,
				8150A88E1738DD1900745745 /* Resources */,
			);
			buildRules = (
			);
			dependencies = (
			);
			name = VideoUploadDownload;
			productName = VideoUploadDownload;
			productReference = 8150A8901738DD1900745745 /* VideoUploadDownload.app */;
			productType = "com.apple.product-type.application";
		};
/* End PBXNativeTarget section */

/* Begin PBXProject section */
		8150A8881738DD1900745745 /* Project object */ = {
			isa = PBXProject;
			attributes = {
				LastUpgradeCheck = 0460;
				ORGANIZATIONNAME = "Pranavkumar Patel";
			};
			buildConfigurationList = 8150A88B1738DD1900745745 /* Build configuration list for PBXProject "VideoUploadDownload" */;
			compatibilityVersion = "Xcode 3.2";
			developmentRegion = English;
			hasScannedForEncodings = 0;
			knownRegions = (
				en,
			);
			mainGroup = 8150A8871738DD1900745745;
			productRefGroup = 8150A8911738DD1900745745 /* Products */;
			projectDirPath = "";
			projectRoot = "";
			targets = (
				8150A88F1738DD1900745745 /* VideoUploadDownload */,
			);
		};
/* End PBXProject section */

/* Begin PBXResourcesBuildPhase section */
		8150A88E1738DD1900745745 /* Resources */ = {
			isa = PBXResourcesBuildPhase;
			buildActionMask = 2147483647;
			files = (
				8150A89E1738DD1900745745 /* InfoPlist.strings in Resources */,
				8150A8A61738DD1900745745 /* Default.png in Resources */,
				8150A8A81738DD1900745745 /* Default@2x.png in Resources */,
				8150A8AA1738DD1900745745 /* Default-568h@2x.png in Resources */,
				8150A8B01738DD1900745745 /* ViewController.xib in Resources */,
			);
			runOnlyForDeploymentPostprocessing = 0;
		};
/* End PBXResourcesBuildPhase section */

/* Begin PBXSourcesBuildPhase section */
		8150A88C1738DD1900745745 /* Sources */ = {
			isa = PBXSourcesBuildPhase;
			buildActionMask = 2147483647;
			files = (
				8150A8A01738DD1900745745 /* main.m in Sources */,
				8150A8A41738DD1900745745 /* AppDelegate.m in Sources */,
				8150A8AD1738DD1900745745 /* ViewController.m in Sources */,
			);
			runOnlyForDeploymentPostprocessing = 0;
		};
/* End PBXSourcesBuildPhase section */

/* Begin PBXVariantGroup section */
		8150A89C1738DD1900745745 /* InfoPlist.strings */ = {
			isa = PBXVariantGroup;
			children = (
				8150A89D1738DD1900745745 /* en */,
			);
			name = InfoPlist.strings;
			sourceTree = "<group>";
		};
		8150A8AE1738DD1900745745 /* ViewController.xib */ = {
			isa = PBXVariantGroup;
			children = (
				8150A8AF1738DD1900745745 /* en */,
			);
			name = ViewController.xib;
			sourceTree = "<group>";
		};
/* End PBXVariantGroup section */

/* Begin XCBuildConfiguration section */
		8150A8B11738DD1900745745 /* Debug */ = {
			isa = XCBuildConfiguration;
			buildSettings = {
				ALWAYS_SEARCH_USER_PATHS = NO;
				CLANG_CXX_LANGUAGE_STANDARD = "gnu++0x";
				CLANG_CXX_LIBRARY = "libc++";
				CLANG_ENABLE_OBJC_ARC = YES;
				CLANG_WARN_CONSTANT_CONVERSION = YES;
				CLANG_WARN_EMPTY_BODY = YES;
				CLANG_WARN_ENUM_CONVERSION = YES;
				CLANG_WARN_INT_CONVERSION = YES;
				CLANG_WARN__DUPLICATE_METHOD_MATCH = YES;
				"CODE_SIGN_IDENTITY[sdk=iphoneos*]" = "iPhone Developer";
				COPY_PHASE_STRIP = NO;
				GCC_C_LANGUAGE_STANDARD = gnu99;
				GCC_DYNAMIC_NO_PIC = NO;
				GCC_OPTIMIZATION_LEVEL = 0;
				GCC_PREPROCESSOR_DEFINITIONS = (
					"DEBUG=1",
					"$(inherited)",
				);
				GCC_SYMBOLS_PRIVATE_EXTERN = NO;
				GCC_WARN_ABOUT_RETURN_TYPE = YES;
				GCC_WARN_UNINITIALIZED_AUTOS = YES;
				GCC_WARN_UNUSED_VARIABLE = YES;
				IPHONEOS_DEPLOYMENT_TARGET = 6.1;
				ONLY_ACTIVE_ARCH = YES;
				SDKROOT = iphoneos;
			};
			name = Debug;
		};
		8150A8B21738DD1900745745 /* Release */ = {
			isa = XCBuildConfiguration;
			buildSettings = {
				ALWAYS_SEARCH_USER_PATHS = NO;
				CLANG_CXX_LANGUAGE_STANDARD = "gnu++0x";
				CLANG_CXX_LIBRARY = "libc++";
				CLANG_ENABLE_OBJC_ARC = YES;
				CLANG_WARN_CONSTANT_CONVERSION = YES;
				CLANG_WARN_EMPTY_BODY = YES;
				CLANG_WARN_ENUM_CONVERSION = YES;
				CLANG_WARN_INT_CONVERSION = YES;
				CLANG_WARN__DUPLICATE_METHOD_MATCH = YES;
				"CODE_SIGN_IDENTITY[sdk=iphoneos*]" = "iPhone Developer";
				COPY_PHASE_STRIP = YES;
				GCC_C_LANGUAGE_STANDARD = gnu99;
				GCC_WARN_ABOUT_RETURN_TYPE = YES;
				GCC_WARN_UNINITIALIZED_AUTOS = YES;
				GCC_WARN_UNUSED_VARIABLE = YES;
				IPHONEOS_DEPLOYMENT_TARGET = 6.1;
				OTHER_CFLAGS = "-DNS_BLOCK_ASSERTIONS=1";
				SDKROOT = iphoneos;
				VALIDATE_PRODUCT = YES;
			};
			name = Release;
		};
		8150A8B41738DD1900745745 /* Debug */ = {
			isa = XCBuildConfiguration;
			buildSettings = {
				GCC_PRECOMPILE_PREFIX_HEADER = YES;
				GCC_PREFIX_HEADER = "VideoUploadDownload/VideoUploadDownload-Prefix.pch";
				INFOPLIST_FILE = "VideoUploadDownload/VideoUploadDownload-Info.plist";
				PRODUCT_NAME = "$(TARGET_NAME)";
				WRAPPER_EXTENSION = app;
			};
			name = Debug;
		};
		8150A8B51738DD1900745745 /* Release */ = {
			isa = XCBuildConfiguration;
			buildSettings = {
				GCC_PRECOMPILE_PREFIX_HEADER = YES;
				GCC_PREFIX_HEADER = "VideoUploadDownload/VideoUploadDownload-Prefix.pch";
				INFOPLIST_FILE = "VideoUploadDownload/VideoUploadDownload-Info.plist";
				PRODUCT_NAME = "$(TARGET_NAME)";
				WRAPPER_EXTENSION = app;
			};
			name = Release;
		};
/* End XCBuildConfiguration section */

/* Begin XCConfigurationList section */
		8150A88B1738DD1900745745 /* Build configuration list for PBXProject "VideoUploadDownload" */ = {
			isa = XCConfigurationList;
			buildConfigurations = (
				8150A8B11738DD1900745745 /* Debug */,
				8150A8B21738DD1900745745 /* Release */,
			);
			defaultConfigurationIsVisible = 0;
			defaultConfigurationName = Release;
		};
		8150A8B31738DD1900745745 /* Build configuration list for PBXNativeTarget "VideoUploadDownload" */ = {
			isa = XCConfigurationList;
			buildConfigurations = (
				8150A8B41738DD1900745745 /* Debug */,
				8150A8B51738DD1900745745 /* Release */,
			);
			defaultConfigurationIsVisible = 0;
		};
/* End XCConfigurationList section */
	};
	rootObject = 8150A8881738DD1900745745 /* Project object */;
}
